
Microsoft Visual Studio Solution File, Format Version 12.00
# Visual Studio 15
VisualStudioVersion = 15.0.27703.2000
MinimumVisualStudioVersion = 10.0.40219.1
Project("{FAE04EC0-301F-11D3-BF4B-00C04F79EFBC}") = "NotificationWindows", "NotificationWindows\NotificationWindows.csproj", "{05711024-3F69-4100-B0E2-94451F72BBDA}"
EndProject
Global
	GlobalSection(SolutionConfigurationPlatforms) = preSolution
		Debug|Any CPU = Debug|Any CPU
		Release|Any CPU = Release|Any CPU
	EndGlobalSection
	GlobalSection(ProjectConfigurationPlatforms) = postSolution
		{05711024-3F69-4100-B0E2-94451F72BBDA}.Debug|Any CPU.ActiveCfg = Debug|Any CPU
		{05711024-3F69-4100-B0E2-94451F72BBDA}.Debug|Any CPU.Build.0 = Debug|Any CPU
		{05711024-3F69-4100-B0E2-94451F72BBDA}.Release|Any CPU.ActiveCfg = Release|Any CPU
		{05711024-3F69-4100-B0E2-94451F72BBDA}.Release|Any CPU.Build.0 = Release|Any CPU
	EndGlobalSection
	GlobalSection(SolutionProperties) = preSolution
		HideSolutionNode = FALSE
	EndGlobalSection
	GlobalSection(ExtensibilityGlobals) = postSolution
		SolutionGuid = {DD17A39B-4A22-4068-9A90-E1EC5CED0E2C}
	EndGlobalSection
EndGlobal
